// !$*UTF8*$!
{
	archiveVersion = 1;
	classes = {
	};
	objectVersion = 46;
	objects = {

/* Begin PBXBuildFile section */
		89013B69144BE99B009E4F00 /* UIKit.framework in Frameworks */ = {isa = PBXBuildFile; fileRef = 89013B68144BE99B009E4F00 /* UIKit.framework */; };
		89013B6B144BE99B009E4F00 /* Foundation.framework in Frameworks */ = {isa = PBXBuildFile; fileRef = 89013B6A144BE99B009E4F00 /* Foundation.framework */; };
		89013B6D144BE99B009E4F00 /* CoreGraphics.framework in Frameworks */ = {isa = PBXBuildFile; fileRef = 89013B6C144BE99B009E4F00 /* CoreGraphics.framework */; };
		89013B73144BE99B009E4F00 /* InfoPlist.strings in Resources */ = {isa = PBXBuildFile; fileRef = 89013B71144BE99B009E4F00 /* InfoPlist.strings */; };
		89013B75144BE99B009E4F00 /* main.m in Sources */ = {isa = PBXBuildFile; fileRef = 89013B74144BE99B009E4F00 /* main.m */; };
		89013B79144BE99B009E4F00 /* SCAppDelegate.m in Sources */ = {isa = PBXBuildFile; fileRef = 89013B78144BE99B009E4F00 /* SCAppDelegate.m */; };
		89013B9A144BEB18009E4F00 /* MainWindow.xib in Resources */ = {isa = PBXBuildFile; fileRef = 89013B99144BEB18009E4F00 /* MainWindow.xib */; };
		89013C77144BEC1E009E4F00 /* MapKit.framework in Frameworks */ = {isa = PBXBuildFile; fileRef = 89013C76144BEC1E009E4F00 /* MapKit.framework */; };
		89013C79144BEC26009E4F00 /* SystemConfiguration.framework in Frameworks */ = {isa = PBXBuildFile; fileRef = 89013C78144BEC26009E4F00 /* SystemConfiguration.framework */; };
		89013C7B144BEC2D009E4F00 /* CFNetwork.framework in Frameworks */ = {isa = PBXBuildFile; fileRef = 89013C7A144BEC2D009E4F00 /* CFNetwork.framework */; };
		89013C7D144BEC34009E4F00 /* CoreLocation.framework in Frameworks */ = {isa = PBXBuildFile; fileRef = 89013C7C144BEC34009E4F00 /* CoreLocation.framework */; };
		89013C7F144BEC3B009E4F00 /* MobileCoreServices.framework in Frameworks */ = {isa = PBXBuildFile; fileRef = 89013C7E144BEC3B009E4F00 /* MobileCoreServices.framework */; };
		89013C81144BEC42009E4F00 /* QuartzCore.framework in Frameworks */ = {isa = PBXBuildFile; fileRef = 89013C80144BEC42009E4F00 /* QuartzCore.framework */; };
		89013C83144BEC4B009E4F00 /* MessageUI.framework in Frameworks */ = {isa = PBXBuildFile; fileRef = 89013C82144BEC4B009E4F00 /* MessageUI.framework */; };
		89013C85144BEC55009E4F00 /* libsqlite3.dylib in Frameworks */ = {isa = PBXBuildFile; fileRef = 89013C84144BEC55009E4F00 /* libsqlite3.dylib */; };
		89013C87144BEC5E009E4F00 /* libxml2.dylib in Frameworks */ = {isa = PBXBuildFile; fileRef = 89013C86144BEC5E009E4F00 /* libxml2.dylib */; };
		89013C89144BEC64009E4F00 /* libz.dylib in Frameworks */ = {isa = PBXBuildFile; fileRef = 89013C88144BEC64009E4F00 /* libz.dylib */; };
/* End PBXBuildFile section */

/* Begin PBXFileReference section */
		89013B64144BE99B009E4F00 /* SCBuses.app */ = {isa = PBXFileReference; explicitFileType = wrapper.application; includeInIndex = 0; path = SCBuses.app; sourceTree = BUILT_PRODUCTS_DIR; };
		89013B68144BE99B009E4F00 /* UIKit.framework */ = {isa = PBXFileReference; lastKnownFileType = wrapper.framework; name = UIKit.framework; path = System/Library/Frameworks/UIKit.framework; sourceTree = SDKROOT; };
		89013B6A144BE99B009E4F00 /* Foundation.framework */ = {isa = PBXFileReference; lastKnownFileType = wrapper.framework; name = Foundation.framework; path = System/Library/Frameworks/Foundation.framework; sourceTree = SDKROOT; };
		89013B6C144BE99B009E4F00 /* CoreGraphics.framework */ = {isa = PBXFileReference; lastKnownFileType = wrapper.framework; name = CoreGraphics.framework; path = System/Library/Frameworks/CoreGraphics.framework; sourceTree = SDKROOT; };
		89013B70144BE99B009E4F00 /* SCBuses-Info.plist */ = {isa = PBXFileReference; lastKnownFileType = text.plist.xml; path = "SCBuses-Info.plist"; sourceTree = "<group>"; };
		89013B72144BE99B009E4F00 /* en */ = {isa = PBXFileReference; lastKnownFileType = text.plist.strings; name = en; path = en.lproj/InfoPlist.strings; sourceTree = "<group>"; };
		89013B74144BE99B009E4F00 /* main.m */ = {isa = PBXFileReference; lastKnownFileType = sourcecode.c.objc; path = main.m; sourceTree = "<group>"; };
		89013B76144BE99B009E4F00 /* SCBuses-Prefix.pch */ = {isa = PBXFileReference; lastKnownFileType = sourcecode.c.h; path = "SCBuses-Prefix.pch"; sourceTree = "<group>"; };
		89013B77144BE99B009E4F00 /* SCAppDelegate.h */ = {isa = PBXFileReference; lastKnownFileType = sourcecode.c.h; path = SCAppDelegate.h; sourceTree = "<group>"; };
		89013B78144BE99B009E4F00 /* SCAppDelegate.m */ = {isa = PBXFileReference; lastKnownFileType = sourcecode.c.objc; path = SCAppDelegate.m; sourceTree = "<group>"; };
		89013B99144BEB18009E4F00 /* MainWindow.xib */ = {isa = PBXFileReference; fileEncoding = 4; lastKnownFileType = file.xib; path = MainWindow.xib; sourceTree = "<group>"; };
		89013C76144BEC1E009E4F00 /* MapKit.framework */ = {isa = PBXFileReference; lastKnownFileType = wrapper.framework; name = MapKit.framework; path = System/Library/Frameworks/MapKit.framework; sourceTree = SDKROOT; };
		89013C78144BEC26009E4F00 /* SystemConfiguration.framework */ = {isa = PBXFileReference; lastKnownFileType = wrapper.framework; name = SystemConfiguration.framework; path = System/Library/Frameworks/SystemConfiguration.framework; sourceTree = SDKROOT; };
		89013C7A144BEC2D009E4F00 /* CFNetwork.framework */ = {isa = PBXFileReference; lastKnownFileType = wrapper.framework; name = CFNetwork.framework; path = System/Library/Frameworks/CFNetwork.framework; sourceTree = SDKROOT; };
		89013C7C144BEC34009E4F00 /* CoreLocation.framework */ = {isa = PBXFileReference; lastKnownFileType = wrapper.framework; name = CoreLocation.framework; path = System/Library/Frameworks/CoreLocation.framework; sourceTree = SDKROOT; };
		89013C7E144BEC3B009E4F00 /* MobileCoreServices.framework */ = {isa = PBXFileReference; lastKnownFileType = wrapper.framework; name = MobileCoreServices.framework; path = System/Library/Frameworks/MobileCoreServices.framework; sourceTree = SDKROOT; };
		89013C80144BEC42009E4F00 /* QuartzCore.framework */ = {isa = PBXFileReference; lastKnownFileType = wrapper.framework; name = QuartzCore.framework; path = System/Library/Frameworks/QuartzCore.framework; sourceTree = SDKROOT; };
		89013C82144BEC4B009E4F00 /* MessageUI.framework */ = {isa = PBXFileReference; lastKnownFileType = wrapper.framework; name = MessageUI.framework; path = System/Library/Frameworks/MessageUI.framework; sourceTree = SDKROOT; };
		89013C84144BEC55009E4F00 /* libsqlite3.dylib */ = {isa = PBXFileReference; lastKnownFileType = "compiled.mach-o.dylib"; name = libsqlite3.dylib; path = usr/lib/libsqlite3.dylib; sourceTree = SDKROOT; };
		89013C86144BEC5E009E4F00 /* libxml2.dylib */ = {isa = PBXFileReference; lastKnownFileType = "compiled.mach-o.dylib"; name = libxml2.dylib; path = usr/lib/libxml2.dylib; sourceTree = SDKROOT; };
		89013C88144BEC64009E4F00 /* libz.dylib */ = {isa = PBXFileReference; lastKnownFileType = "compiled.mach-o.dylib"; name = libz.dylib; path = usr/lib/libz.dylib; sourceTree = SDKROOT; };
		89013C8A144BEC88009E4F00 /* Settings.h */ = {isa = PBXFileReference; fileEncoding = 4; lastKnownFileType = sourcecode.c.h; path = Settings.h; sourceTree = "<group>"; };
/* End PBXFileReference section */

/* Begin PBXFrameworksBuildPhase section */
		89013B61144BE99A009E4F00 /* Frameworks */ = {
			isa = PBXFrameworksBuildPhase;
			buildActionMask = 2147483647;
			files = (
				89013C89144BEC64009E4F00 /* libz.dylib in Frameworks */,
				89013C87144BEC5E009E4F00 /* libxml2.dylib in Frameworks */,
				89013C85144BEC55009E4F00 /* libsqlite3.dylib in Frameworks */,
				89013C83144BEC4B009E4F00 /* MessageUI.framework in Frameworks */,
				89013C81144BEC42009E4F00 /* QuartzCore.framework in Frameworks */,
				89013C7F144BEC3B009E4F00 /* MobileCoreServices.framework in Frameworks */,
				89013C7D144BEC34009E4F00 /* CoreLocation.framework in Frameworks */,
				89013C7B144BEC2D009E4F00 /* CFNetwork.framework in Frameworks */,
				89013C79144BEC26009E4F00 /* SystemConfiguration.framework in Frameworks */,
				89013C77144BEC1E009E4F00 /* MapKit.framework in Frameworks */,
				89013B69144BE99B009E4F00 /* UIKit.framework in Frameworks */,
				89013B6B144BE99B009E4F00 /* Foundation.framework in Frameworks */,
				89013B6D144BE99B009E4F00 /* CoreGraphics.framework in Frameworks */,
			);
			runOnlyForDeploymentPostprocessing = 0;
		};
/* End PBXFrameworksBuildPhase section */

/* Begin PBXGroup section */
		89013B59144BE99A009E4F00 = {
			isa = PBXGroup;
			children = (
				89013B6E144BE99B009E4F00 /* SCBuses */,
				89013B67144BE99B009E4F00 /* Frameworks */,
				89013B65144BE99B009E4F00 /* Products */,
			);
			sourceTree = "<group>";
		};
		89013B65144BE99B009E4F00 /* Products */ = {
			isa = PBXGroup;
			children = (
				89013B64144BE99B009E4F00 /* SCBuses.app */,
			);
			name = Products;
			sourceTree = "<group>";
		};
		89013B67144BE99B009E4F00 /* Frameworks */ = {
			isa = PBXGroup;
			children = (
				89013C88144BEC64009E4F00 /* libz.dylib */,
				89013C86144BEC5E009E4F00 /* libxml2.dylib */,
				89013C84144BEC55009E4F00 /* libsqlite3.dylib */,
				89013C82144BEC4B009E4F00 /* MessageUI.framework */,
				89013C80144BEC42009E4F00 /* QuartzCore.framework */,
				89013C7E144BEC3B009E4F00 /* MobileCoreServices.framework */,
				89013C7C144BEC34009E4F00 /* CoreLocation.framework */,
				89013C7A144BEC2D009E4F00 /* CFNetwork.framework */,
				89013C78144BEC26009E4F00 /* SystemConfiguration.framework */,
				89013C76144BEC1E009E4F00 /* MapKit.framework */,
				89013B68144BE99B009E4F00 /* UIKit.framework */,
				89013B6A144BE99B009E4F00 /* Foundation.framework */,
				89013B6C144BE99B009E4F00 /* CoreGraphics.framework */,
			);
			name = Frameworks;
			sourceTree = "<group>";
		};
		89013B6E144BE99B009E4F00 /* SCBuses */ = {
			isa = PBXGroup;
			children = (
				89013C8A144BEC88009E4F00 /* Settings.h */,
				89013B77144BE99B009E4F00 /* SCAppDelegate.h */,
				89013B78144BE99B009E4F00 /* SCAppDelegate.m */,
				89013B97144BEA0F009E4F00 /* Data */,
				89013B98144BEA19009E4F00 /* Graphics */,
				89013B6F144BE99B009E4F00 /* Supporting Files */,
			);
			path = SCBuses;
			sourceTree = "<group>";
		};
		89013B6F144BE99B009E4F00 /* Supporting Files */ = {
			isa = PBXGroup;
			children = (
				89013B70144BE99B009E4F00 /* SCBuses-Info.plist */,
				89013B71144BE99B009E4F00 /* InfoPlist.strings */,
				89013B99144BEB18009E4F00 /* MainWindow.xib */,
				89013B74144BE99B009E4F00 /* main.m */,
				89013B76144BE99B009E4F00 /* SCBuses-Prefix.pch */,
			);
			name = "Supporting Files";
			sourceTree = "<group>";
		};
		89013B97144BEA0F009E4F00 /* Data */ = {
			isa = PBXGroup;
			children = (
			);
			path = Data;
			sourceTree = "<group>";
		};
		89013B98144BEA19009E4F00 /* Graphics */ = {
			isa = PBXGroup;
			children = (
			);
			path = Graphics;
			sourceTree = "<group>";
		};
/* End PBXGroup section */

/* Begin PBXNativeTarget section */
		89013B63144BE99A009E4F00 /* SCBuses */ = {
			isa = PBXNativeTarget;
			buildConfigurationList = 89013B90144BE99B009E4F00 /* Build configuration list for PBXNativeTarget "SCBuses" */;
			buildPhases = (
				89013B60144BE99A009E4F00 /* Sources */,
				89013B61144BE99A009E4F00 /* Frameworks */,
				89013B62144BE99A009E4F00 /* Resources */,
			);
			buildRules = (
			);
			dependencies = (
			);
			name = SCBuses;
			productName = SCBuses;
			productReference = 89013B64144BE99B009E4F00 /* SCBuses.app */;
			productType = "com.apple.product-type.application";
		};
/* End PBXNativeTarget section */

/* Begin PBXProject section */
		89013B5B144BE99A009E4F00 /* Project object */ = {
			isa = PBXProject;
			attributes = {
				LastUpgradeCheck = 0420;
				ORGANIZATIONNAME = "Happen Apps, Inc.";
			};
			buildConfigurationList = 89013B5E144BE99A009E4F00 /* Build configuration list for PBXProject "SCBuses" */;
			compatibilityVersion = "Xcode 3.2";
			developmentRegion = English;
			hasScannedForEncodings = 0;
			knownRegions = (
				en,
			);
			mainGroup = 89013B59144BE99A009E4F00;
			productRefGroup = 89013B65144BE99B009E4F00 /* Products */;
			projectDirPath = "";
			projectRoot = "";
			targets = (
				89013B63144BE99A009E4F00 /* SCBuses */,
			);
		};
/* End PBXProject section */

/* Begin PBXResourcesBuildPhase section */
		89013B62144BE99A009E4F00 /* Resources */ = {
			isa = PBXResourcesBuildPhase;
			buildActionMask = 2147483647;
			files = (
				89013B73144BE99B009E4F00 /* InfoPlist.strings in Resources */,
				89013B9A144BEB18009E4F00 /* MainWindow.xib in Resources */,
			);
			runOnlyForDeploymentPostprocessing = 0;
		};
/* End PBXResourcesBuildPhase section */

/* Begin PBXSourcesBuildPhase section */
		89013B60144BE99A009E4F00 /* Sources */ = {
			isa = PBXSourcesBuildPhase;
			buildActionMask = 2147483647;
			files = (
				89013B75144BE99B009E4F00 /* main.m in Sources */,
				89013B79144BE99B009E4F00 /* SCAppDelegate.m in Sources */,
			);
			runOnlyForDeploymentPostprocessing = 0;
		};
/* End PBXSourcesBuildPhase section */

/* Begin PBXVariantGroup section */
		89013B71144BE99B009E4F00 /* InfoPlist.strings */ = {
			isa = PBXVariantGroup;
			children = (
				89013B72144BE99B009E4F00 /* en */,
			);
			name = InfoPlist.strings;
			sourceTree = "<group>";
		};
/* End PBXVariantGroup section */

/* Begin XCBuildConfiguration section */
		89013B8E144BE99B009E4F00 /* Debug */ = {
			isa = XCBuildConfiguration;
			buildSettings = {
				ALWAYS_SEARCH_USER_PATHS = NO;
				ARCHS = (
					armv6,
					armv7,
				);
				"CODE_SIGN_IDENTITY[sdk=iphoneos*]" = "iPhone Developer";
				COPY_PHASE_STRIP = NO;
				GCC_C_LANGUAGE_STANDARD = gnu99;
				GCC_DYNAMIC_NO_PIC = NO;
				GCC_OPTIMIZATION_LEVEL = 0;
				GCC_PREPROCESSOR_DEFINITIONS = (
					"DEBUG=1",
					"$(inherited)",
				);
				GCC_SYMBOLS_PRIVATE_EXTERN = NO;
				GCC_VERSION = com.apple.compilers.llvm.clang.1_0;
				GCC_WARN_ABOUT_MISSING_PROTOTYPES = YES;
				GCC_WARN_ABOUT_RETURN_TYPE = YES;
				GCC_WARN_UNUSED_VARIABLE = YES;
				IPHONEOS_DEPLOYMENT_TARGET = 3.0;
				SDKROOT = iphoneos;
			};
			name = Debug;
		};
		89013B8F144BE99B009E4F00 /* Release */ = {
			isa = XCBuildConfiguration;
			buildSettings = {
				ALWAYS_SEARCH_USER_PATHS = NO;
				ARCHS = (
					armv6,
					armv7,
				);
				"CODE_SIGN_IDENTITY[sdk=iphoneos*]" = "iPhone Developer";
				COPY_PHASE_STRIP = YES;
				GCC_C_LANGUAGE_STANDARD = gnu99;
				GCC_VERSION = com.apple.compilers.llvm.clang.1_0;
				GCC_WARN_ABOUT_MISSING_PROTOTYPES = YES;
				GCC_WARN_ABOUT_RETURN_TYPE = YES;
				GCC_WARN_UNUSED_VARIABLE = YES;
				IPHONEOS_DEPLOYMENT_TARGET = 3.0;
				OTHER_CFLAGS = "-DNS_BLOCK_ASSERTIONS=1";
				SDKROOT = iphoneos;
				VALIDATE_PRODUCT = YES;
			};
			name = Release;
		};
		89013B91144BE99B009E4F00 /* Debug */ = {
			isa = XCBuildConfiguration;
			buildSettings = {
				GCC_PRECOMPILE_PREFIX_HEADER = YES;
				GCC_PREFIX_HEADER = "SCBuses/SCBuses-Prefix.pch";
				INFOPLIST_FILE = "SCBuses/SCBuses-Info.plist";
				IPHONEOS_DEPLOYMENT_TARGET = 3.0;
				LIBRARY_SEARCH_PATHS = (
					"$(inherited)",
					"\"$(SRCROOT)/ThirdParty/YAJL\"",
				);
				PRODUCT_NAME = "$(TARGET_NAME)";
				WRAPPER_EXTENSION = app;
			};
			name = Debug;
		};
		89013B92144BE99B009E4F00 /* Release */ = {
			isa = XCBuildConfiguration;
			buildSettings = {
				GCC_PRECOMPILE_PREFIX_HEADER = YES;
				GCC_PREFIX_HEADER = "SCBuses/SCBuses-Prefix.pch";
				INFOPLIST_FILE = "SCBuses/SCBuses-Info.plist";
				IPHONEOS_DEPLOYMENT_TARGET = 3.0;
				LIBRARY_SEARCH_PATHS = (
					"$(inherited)",
					"\"$(SRCROOT)/ThirdParty/YAJL\"",
				);
				PRODUCT_NAME = "$(TARGET_NAME)";
				WRAPPER_EXTENSION = app;
			};
			name = Release;
		};
/* End XCBuildConfiguration section */

/* Begin XCConfigurationList section */
		89013B5E144BE99A009E4F00 /* Build configuration list for PBXProject "SCBuses" */ = {
			isa = XCConfigurationList;
			buildConfigurations = (
				89013B8E144BE99B009E4F00 /* Debug */,
				89013B8F144BE99B009E4F00 /* Release */,
			);
			defaultConfigurationIsVisible = 0;
			defaultConfigurationName = Release;
		};
		89013B90144BE99B009E4F00 /* Build configuration list for PBXNativeTarget "SCBuses" */ = {
			isa = XCConfigurationList;
			buildConfigurations = (
				89013B91144BE99B009E4F00 /* Debug */,
				89013B92144BE99B009E4F00 /* Release */,
			);
			defaultConfigurationIsVisible = 0;
			defaultConfigurationName = Release;
		};
/* End XCConfigurationList section */
	};
	rootObject = 89013B5B144BE99A009E4F00 /* Project object */;
}
